// !$*UTF8*$!
{
	archiveVersion = 1;
	classes = {
	};
	objectVersion = 50;
	objects = {

/* Begin PBXBuildFile section */
		418A5E55245B04BA0060D17C /* AppDelegate.swift in Sources */ = {isa = PBXBuildFile; fileRef = 418A5E54245B04BA0060D17C /* AppDelegate.swift */; };
		418A5E57245B04BA0060D17C /* SceneDelegate.swift in Sources */ = {isa = PBXBuildFile; fileRef = 418A5E56245B04BA0060D17C /* SceneDelegate.swift */; };
		418A5E59245B04BA0060D17C /* ViewController.swift in Sources */ = {isa = PBXBuildFile; fileRef = 418A5E58245B04BA0060D17C /* ViewController.swift */; };
		418A5E5C245B04BA0060D17C /* Main.storyboard in Resources */ = {isa = PBXBuildFile; fileRef = 418A5E5A245B04BA0060D17C /* Main.storyboard */; };
		418A5E5E245B04BB0060D17C /* Assets.xcassets in Resources */ = {isa = PBXBuildFile; fileRef = 418A5E5D245B04BB0060D17C /* Assets.xcassets */; };
		418A5E61245B04BB0060D17C /* LaunchScreen.storyboard in Resources */ = {isa = PBXBuildFile; fileRef = 418A5E5F245B04BB0060D17C /* LaunchScreen.storyboard */; };
		418A5E69245B08A10060D17C /* CustomTableViewCell.swift in Sources */ = {isa = PBXBuildFile; fileRef = 418A5E68245B08A10060D17C /* CustomTableViewCell.swift */; };
		418A5E6B245B0C150060D17C /* NewBookViewController.swift in Sources */ = {isa = PBXBuildFile; fileRef = 418A5E6A245B0C150060D17C /* NewBookViewController.swift */; };
/* End PBXBuildFile section */

/* Begin PBXFileReference section */
		418A5E51245B04BA0060D17C /* Homework12(1).app */ = {isa = PBXFileReference; explicitFileType = wrapper.application; includeInIndex = 0; path = "Homework12(1).app"; sourceTree = BUILT_PRODUCTS_DIR; };
		418A5E54245B04BA0060D17C /* AppDelegate.swift */ = {isa = PBXFileReference; lastKnownFileType = sourcecode.swift; path = AppDelegate.swift; sourceTree = "<group>"; };
		418A5E56245B04BA0060D17C /* SceneDelegate.swift */ = {isa = PBXFileReference; lastKnownFileType = sourcecode.swift; path = SceneDelegate.swift; sourceTree = "<group>"; };
		418A5E58245B04BA0060D17C /* ViewController.swift */ = {isa = PBXFileReference; lastKnownFileType = sourcecode.swift; path = ViewController.swift; sourceTree = "<group>"; };
		418A5E5B245B04BA0060D17C /* Base */ = {isa = PBXFileReference; lastKnownFileType = file.storyboard; name = Base; path = Base.lproj/Main.storyboard; sourceTree = "<group>"; };
		418A5E5D245B04BB0060D17C /* Assets.xcassets */ = {isa = PBXFileReference; lastKnownFileType = folder.assetcatalog; path = Assets.xcassets; sourceTree = "<group>"; };
		418A5E60245B04BB0060D17C /* Base */ = {isa = PBXFileReference; lastKnownFileType = file.storyboard; name = Base; path = Base.lproj/LaunchScreen.storyboard; sourceTree = "<group>"; };
		418A5E62245B04BB0060D17C /* Info.plist */ = {isa = PBXFileReference; lastKnownFileType = text.plist.xml; path = Info.plist; sourceTree = "<group>"; };
		418A5E68245B08A10060D17C /* CustomTableViewCell.swift */ = {isa = PBXFileReference; lastKnownFileType = sourcecode.swift; path = CustomTableViewCell.swift; sourceTree = "<group>"; };
		418A5E6A245B0C150060D17C /* NewBookViewController.swift */ = {isa = PBXFileReference; lastKnownFileType = sourcecode.swift; path = NewBookViewController.swift; sourceTree = "<group>"; };
/* End PBXFileReference section */

/* Begin PBXFrameworksBuildPhase section */
		418A5E4E245B04BA0060D17C /* Frameworks */ = {
			isa = PBXFrameworksBuildPhase;
			buildActionMask = 2147483647;
			files = (
			);
			runOnlyForDeploymentPostprocessing = 0;
		};
/* End PBXFrameworksBuildPhase section */

/* Begin PBXGroup section */
		418A5E48245B04BA0060D17C = {
			isa = PBXGroup;
			children = (
				418A5E53245B04BA0060D17C /* Homework12(1) */,
				418A5E52245B04BA0060D17C /* Products */,
			);
			sourceTree = "<group>";
		};
		418A5E52245B04BA0060D17C /* Products */ = {
			isa = PBXGroup;
			children = (
				418A5E51245B04BA0060D17C /* Homework12(1).app */,
			);
			name = Products;
			sourceTree = "<group>";
		};
		418A5E53245B04BA0060D17C /* Homework12(1) */ = {
			isa = PBXGroup;
			children = (
				418A5E54245B04BA0060D17C /* AppDelegate.swift */,
				418A5E56245B04BA0060D17C /* SceneDelegate.swift */,
				418A5E58245B04BA0060D17C /* ViewController.swift */,
				418A5E68245B08A10060D17C /* CustomTableViewCell.swift */,
				418A5E5A245B04BA0060D17C /* Main.storyboard */,
				418A5E5D245B04BB0060D17C /* Assets.xcassets */,
				418A5E5F245B04BB0060D17C /* LaunchScreen.storyboard */,
				418A5E62245B04BB0060D17C /* Info.plist */,
				418A5E6A245B0C150060D17C /* NewBookViewController.swift */,
			);
			path = "Homework12(1)";
			sourceTree = "<group>";
		};
/* End PBXGroup section */

/* Begin PBXNativeTarget section */
		418A5E50245B04BA0060D17C /* Homework12(1) */ = {
			isa = PBXNativeTarget;
			buildConfigurationList = 418A5E65245B04BB0060D17C /* Build configuration list for PBXNativeTarget "Homework12(1)" */;
			buildPhases = (
				418A5E4D245B04BA0060D17C /* Sources */,
				418A5E4E245B04BA0060D17C /* Frameworks */,
				418A5E4F245B04BA0060D17C /* Resources */,
			);
			buildRules = (
			);
			dependencies = (
			);
			name = "Homework12(1)";
			productName = "Homework12(1)";
			productReference = 418A5E51245B04BA0060D17C /* Homework12(1).app */;
			productType = "com.apple.product-type.application";
		};
/* End PBXNativeTarget section */

/* Begin PBXProject section */
		418A5E49245B04BA0060D17C /* Project object */ = {
			isa = PBXProject;
			attributes = {
				LastSwiftUpdateCheck = 1140;
				LastUpgradeCheck = 1140;
				ORGANIZATIONNAME = TBC;
				TargetAttributes = {
					418A5E50245B04BA0060D17C = {
						CreatedOnToolsVersion = 11.4.1;
					};
				};
			};
			buildConfigurationList = 418A5E4C245B04BA0060D17C /* Build configuration list for PBXProject "Homework12(1)" */;
			compatibilityVersion = "Xcode 9.3";
			developmentRegion = en;
			hasScannedForEncodings = 0;
			knownRegions = (
				en,
				Base,
			);
			mainGroup = 418A5E48245B04BA0060D17C;
			productRefGroup = 418A5E52245B04BA0060D17C /* Products */;
			projectDirPath = "";
			projectRoot = "";
			targets = (
				418A5E50245B04BA0060D17C /* Homework12(1) */,
			);
		};
/* End PBXProject section */

/* Begin PBXResourcesBuildPhase section */
		418A5E4F245B04BA0060D17C /* Resources */ = {
			isa = PBXResourcesBuildPhase;
			buildActionMask = 2147483647;
			files = (
				418A5E61245B04BB0060D17C /* LaunchScreen.storyboard in Resources */,
				418A5E5E245B04BB0060D17C /* Assets.xcassets in Resources */,
				418A5E5C245B04BA0060D17C /* Main.storyboard in Resources */,
			);
			runOnlyForDeploymentPostprocessing = 0;
		};
/* End PBXResourcesBuildPhase section */

/* Begin PBXSourcesBuildPhase section */
		418A5E4D245B04BA0060D17C /* Sources */ = {
			isa = PBXSourcesBuildPhase;
			buildActionMask = 2147483647;
			files = (
				418A5E59245B04BA0060D17C /* ViewController.swift in Sources */,
				418A5E55245B04BA0060D17C /* AppDelegate.swift in Sources */,
				418A5E69245B08A10060D17C /* CustomTableViewCell.swift in Sources */,
				418A5E6B245B0C150060D17C /* NewBookViewController.swift in Sources */,
				418A5E57245B04BA0060D17C /* SceneDelegate.swift in Sources */,
			);
			runOnlyForDeploymentPostprocessing = 0;
		};
/* End PBXSourcesBuildPhase section */

/* Begin PBXVariantGroup section */
		418A5E5A245B04BA0060D17C /* Main.storyboard */ = {
			isa = PBXVariantGroup;
			children = (
				418A5E5B245B04BA0060D17C /* Base */,
			);
			name = Main.storyboard;
			sourceTree = "<group>";
		};
		418A5E5F245B04BB0060D17C /* LaunchScreen.storyboard */ = {
			isa = PBXVariantGroup;
			children = (
				418A5E60245B04BB0060D17C /* Base */,
			);
			name = LaunchScreen.storyboard;
			sourceTree = "<group>";
		};
/* End PBXVariantGroup section */

/* Begin XCBuildConfiguration section */
		418A5E63245B04BB0060D17C /* Debug */ = {
			isa = XCBuildConfiguration;
			buildSettings = {
				ALWAYS_SEARCH_USER_PATHS = NO;
				CLANG_ANALYZER_NONNULL = YES;
				CLANG_ANALYZER_NUMBER_OBJECT_CONVERSION = YES_AGGRESSIVE;
				CLANG_CXX_LANGUAGE_STANDARD = "gnu++14";
				CLANG_CXX_LIBRARY = "libc++";
				CLANG_ENABLE_MODULES = YES;
				CLANG_ENABLE_OBJC_ARC = YES;
				CLANG_ENABLE_OBJC_WEAK = YES;
				CLANG_WARN_BLOCK_CAPTURE_AUTORELEASING = YES;
				CLANG_WARN_BOOL_CONVERSION = YES;
				CLANG_WARN_COMMA = YES;
				CLANG_WARN_CONSTANT_CONVERSION = YES;
				CLANG_WARN_DEPRECATED_OBJC_IMPLEMENTATIONS = YES;
				CLANG_WARN_DIRECT_OBJC_ISA_USAGE = YES_ERROR;
				CLANG_WARN_DOCUMENTATION_COMMENTS = YES;
				CLANG_WARN_EMPTY_BODY = YES;
				CLANG_WARN_ENUM_CONVERSION = YES;
				CLANG_WARN_INFINITE_RECURSION = YES;
				CLANG_WARN_INT_CONVERSION = YES;
				CLANG_WARN_NON_LITERAL_NULL_CONVERSION = YES;
				CLANG_WARN_OBJC_IMPLICIT_RETAIN_SELF = YES;
				CLANG_WARN_OBJC_LITERAL_CONVERSION = YES;
				CLANG_WARN_OBJC_ROOT_CLASS = YES_ERROR;
				CLANG_WARN_RANGE_LOOP_ANALYSIS = YES;
				CLANG_WARN_STRICT_PROTOTYPES = YES;
				CLANG_WARN_SUSPICIOUS_MOVE = YES;
				CLANG_WARN_UNGUARDED_AVAILABILITY = YES_AGGRESSIVE;
				CLANG_WARN_UNREACHABLE_CODE = YES;
				CLANG_WARN__DUPLICATE_METHOD_MATCH = YES;
				COPY_PHASE_STRIP = NO;
				DEBUG_INFORMATION_FORMAT = dwarf;
				ENABLE_STRICT_OBJC_MSGSEND = YES;
				ENABLE_TESTABILITY = YES;
				GCC_C_LANGUAGE_STANDARD = gnu11;
				GCC_DYNAMIC_NO_PIC = NO;
				GCC_NO_COMMON_BLOCKS = YES;
				GCC_OPTIMIZATION_LEVEL = 0;
				GCC_PREPROCESSOR_DEFINITIONS = (
					"DEBUG=1",
					"$(inherited)",
				);
				GCC_WARN_64_TO_32_BIT_CONVERSION = YES;
				GCC_WARN_ABOUT_RETURN_TYPE = YES_ERROR;
				GCC_WARN_UNDECLARED_SELECTOR = YES;
				GCC_WARN_UNINITIALIZED_AUTOS = YES_AGGRESSIVE;
				GCC_WARN_UNUSED_FUNCTION = YES;
				GCC_WARN_UNUSED_VARIABLE = YES;
				IPHONEOS_DEPLOYMENT_TARGET = 13.4;
				MTL_ENABLE_DEBUG_INFO = INCLUDE_SOURCE;
				MTL_FAST_MATH = YES;
				ONLY_ACTIVE_ARCH = YES;
				SDKROOT = iphoneos;
				SWIFT_ACTIVE_COMPILATION_CONDITIONS = DEBUG;
				SWIFT_OPTIMIZATION_LEVEL = "-Onone";
			};
			name = Debug;
		};
		418A5E64245B04BB0060D17C /* Release */ = {
			isa = XCBuildConfiguration;
			buildSettings = {
				ALWAYS_SEARCH_USER_PATHS = NO;
				CLANG_ANALYZER_NONNULL = YES;
				CLANG_ANALYZER_NUMBER_OBJECT_CONVERSION = YES_AGGRESSIVE;
				CLANG_CXX_LANGUAGE_STANDARD = "gnu++14";
				CLANG_CXX_LIBRARY = "libc++";
				CLANG_ENABLE_MODULES = YES;
				CLANG_ENABLE_OBJC_ARC = YES;
				CLANG_ENABLE_OBJC_WEAK = YES;
				CLANG_WARN_BLOCK_CAPTURE_AUTORELEASING = YES;
				CLANG_WARN_BOOL_CONVERSION = YES;
				CLANG_WARN_COMMA = YES;
				CLANG_WARN_CONSTANT_CONVERSION = YES;
				CLANG_WARN_DEPRECATED_OBJC_IMPLEMENTATIONS = YES;
				CLANG_WARN_DIRECT_OBJC_ISA_USAGE = YES_ERROR;
				CLANG_WARN_DOCUMENTATION_COMMENTS = YES;
				CLANG_WARN_EMPTY_BODY = YES;
				CLANG_WARN_ENUM_CONVERSION = YES;
				CLANG_WARN_INFINITE_RECURSION = YES;
				CLANG_WARN_INT_CONVERSION = YES;
				CLANG_WARN_NON_LITERAL_NULL_CONVERSION = YES;
				CLANG_WARN_OBJC_IMPLICIT_RETAIN_SELF = YES;
				CLANG_WARN_OBJC_LITERAL_CONVERSION = YES;
				CLANG_WARN_OBJC_ROOT_CLASS = YES_ERROR;
				CLANG_WARN_RANGE_LOOP_ANALYSIS = YES;
				CLANG_WARN_STRICT_PROTOTYPES = YES;
				CLANG_WARN_SUSPICIOUS_MOVE = YES;
				CLANG_WARN_UNGUARDED_AVAILABILITY = YES_AGGRESSIVE;
				CLANG_WARN_UNREACHABLE_CODE = YES;
				CLANG_WARN__DUPLICATE_METHOD_MATCH = YES;
				COPY_PHASE_STRIP = NO;
				DEBUG_INFORMATION_FORMAT = "dwarf-with-dsym";
				ENABLE_NS_ASSERTIONS = NO;
				ENABLE_STRICT_OBJC_MSGSEND = YES;
				GCC_C_LANGUAGE_STANDARD = gnu11;
				GCC_NO_COMMON_BLOCKS = YES;
				GCC_WARN_64_TO_32_BIT_CONVERSION = YES;
				GCC_WARN_ABOUT_RETURN_TYPE = YES_ERROR;
				GCC_WARN_UNDECLARED_SELECTOR = YES;
				GCC_WARN_UNINITIALIZED_AUTOS = YES_AGGRESSIVE;
				GCC_WARN_UNUSED_FUNCTION = YES;
				GCC_WARN_UNUSED_VARIABLE = YES;
				IPHONEOS_DEPLOYMENT_TARGET = 13.4;
				MTL_ENABLE_DEBUG_INFO = NO;
				MTL_FAST_MATH = YES;
				SDKROOT = iphoneos;
				SWIFT_COMPILATION_MODE = wholemodule;
				SWIFT_OPTIMIZATION_LEVEL = "-O";
				VALIDATE_PRODUCT = YES;
			};
			name = Release;
		};
		418A5E66245B04BB0060D17C /* Debug */ = {
			isa = XCBuildConfiguration;
			buildSettings = {
				ASSETCATALOG_COMPILER_APPICON_NAME = AppIcon;
				CODE_SIGN_STYLE = Automatic;
				INFOPLIST_FILE = "Homework12(1)/Info.plist";
				LD_RUNPATH_SEARCH_PATHS = (
					"$(inherited)",
					"@executable_path/Frameworks",
				);
				PRODUCT_BUNDLE_IDENTIFIER = "ge.tbcbank.Homework12-1-";
				PRODUCT_NAME = "$(TARGET_NAME)";
				SWIFT_VERSION = 5.0;
				TARGETED_DEVICE_FAMILY = "1,2";
			};
			name = Debug;
		};
		418A5E67245B04BB0060D17C /* Release */ = {
			isa = XCBuildConfiguration;
			buildSettings = {
				ASSETCATALOG_COMPILER_APPICON_NAME = AppIcon;
				CODE_SIGN_STYLE = Automatic;
				INFOPLIST_FILE = "Homework12(1)/Info.plist";
				LD_RUNPATH_SEARCH_PATHS = (
					"$(inherited)",
					"@executable_path/Frameworks",
				);
				PRODUCT_BUNDLE_IDENTIFIER = "ge.tbcbank.Homework12-1-";
				PRODUCT_NAME = "$(TARGET_NAME)";
				SWIFT_VERSION = 5.0;
				TARGETED_DEVICE_FAMILY = "1,2";
			};
			name = Release;
		};
/* End XCBuildConfiguration section */

/* Begin XCConfigurationList section */
		418A5E4C245B04BA0060D17C /* Build configuration list for PBXProject "Homework12(1)" */ = {
			isa = XCConfigurationList;
			buildConfigurations = (
				418A5E63245B04BB0060D17C /* Debug */,
				418A5E64245B04BB0060D17C /* Release */,
			);
			defaultConfigurationIsVisible = 0;
			defaultConfigurationName = Release;
		};
		418A5E65245B04BB0060D17C /* Build configuration list for PBXNativeTarget "Homework12(1)" */ = {
			isa = XCConfigurationList;
			buildConfigurations = (
				418A5E66245B04BB0060D17C /* Debug */,
				418A5E67245B04BB0060D17C /* Release */,
			);
			defaultConfigurationIsVisible = 0;
			defaultConfigurationName = Release;
		};
/* End XCConfigurationList section */
	};
	rootObject = 418A5E49245B04BA0060D17C /* Project object */;
}
